
Microsoft Visual Studio Solution File, Format Version 11.00
# Visual Studio 2010
# SharpDevelop 5.1
Project("{FAE04EC0-301F-11D3-BF4B-00C04F79EFBC}") = "Day1", "Day1\Day1.csproj", "{0FC682A4-8365-4E4B-8400-1DF3A02C2A10}"
EndProject
Project("{FAE04EC0-301F-11D3-BF4B-00C04F79EFBC}") = "Day2", "Day2\Day2.csproj", "{68662305-CF4D-4D8B-B6F0-327F75D6D04B}"
EndProject
Project("{FAE04EC0-301F-11D3-BF4B-00C04F79EFBC}") = "Day3", "Day3\Day3.csproj", "{6F5A5517-F18A-4BBE-9FCE-117B2A20EE43}"
EndProject
Project("{FAE04EC0-301F-11D3-BF4B-00C04F79EFBC}") = "Day4", "Day4\Day4.csproj", "{82CCB9F1-20B9-44AF-8A29-F5A600710A6C}"
EndProject
Project("{FAE04EC0-301F-11D3-BF4B-00C04F79EFBC}") = "Day5", "Day5\Day5.csproj", "{B481DF0D-81B5-4C72-B757-60CF4A14BE1C}"
EndProject
Project("{FAE04EC0-301F-11D3-BF4B-00C04F79EFBC}") = "Day6", "Day6\Day6.csproj", "{3E8A5E12-63B6-4C44-AF9A-33B0730888D3}"
EndProject
Project("{FAE04EC0-301F-11D3-BF4B-00C04F79EFBC}") = "Day7", "Day7\Day7.csproj", "{A306980D-7CE5-4992-A2C5-5A388A986BAF}"
EndProject
Project("{FAE04EC0-301F-11D3-BF4B-00C04F79EFBC}") = "Day8", "Day8\Day8.csproj", "{DE5F70E5-D97C-4A6C-8A27-01FE9C148348}"
EndProject
Project("{FAE04EC0-301F-11D3-BF4B-00C04F79EFBC}") = "Day9", "Day9\Day9.csproj", "{E3956EFA-50BC-4C4E-8161-5978E3025000}"
EndProject
Project("{FAE04EC0-301F-11D3-BF4B-00C04F79EFBC}") = "Day10", "Day10\Day10.csproj", "{B1CF5970-34B6-45DA-89FF-45F8FD59058C}"
EndProject
Project("{FAE04EC0-301F-11D3-BF4B-00C04F79EFBC}") = "Day11", "Day11\Day11.csproj", "{87B41F0B-CB21-4112-A7F5-97B8D0899CF1}"
EndProject
Project("{FAE04EC0-301F-11D3-BF4B-00C04F79EFBC}") = "Day17", "Day17\Day17.csproj", "{FEB9093C-F26E-4D97-9544-B92F70AEF158}"
EndProject
Project("{FAE04EC0-301F-11D3-BF4B-00C04F79EFBC}") = "Day12", "Day12\Day12.csproj", "{FC97A6CD-68CC-441F-B0B9-D3C6DFC99D76}"
EndProject
Project("{FAE04EC0-301F-11D3-BF4B-00C04F79EFBC}") = "Day13", "Day13\Day13.csproj", "{1FBE8703-5462-4161-BED5-7F4D6AE2D9B6}"
EndProject
Project("{FAE04EC0-301F-11D3-BF4B-00C04F79EFBC}") = "Day14", "Day14\Day14.csproj", "{A74334E6-39A7-499C-9021-9E3D7F7ED05F}"
EndProject
Global
	GlobalSection(SolutionConfigurationPlatforms) = preSolution
		Debug|Any CPU = Debug|Any CPU
		Release|Any CPU = Release|Any CPU
	EndGlobalSection
	GlobalSection(ProjectConfigurationPlatforms) = postSolution
		{0FC682A4-8365-4E4B-8400-1DF3A02C2A10}.Debug|Any CPU.ActiveCfg = Debug|Any CPU
		{0FC682A4-8365-4E4B-8400-1DF3A02C2A10}.Debug|Any CPU.Build.0 = Debug|Any CPU
		{0FC682A4-8365-4E4B-8400-1DF3A02C2A10}.Release|Any CPU.ActiveCfg = Release|Any CPU
		{0FC682A4-8365-4E4B-8400-1DF3A02C2A10}.Release|Any CPU.Build.0 = Release|Any CPU
		{68662305-CF4D-4D8B-B6F0-327F75D6D04B}.Debug|Any CPU.ActiveCfg = Debug|Any CPU
		{68662305-CF4D-4D8B-B6F0-327F75D6D04B}.Debug|Any CPU.Build.0 = Debug|Any CPU
		{68662305-CF4D-4D8B-B6F0-327F75D6D04B}.Release|Any CPU.ActiveCfg = Release|Any CPU
		{68662305-CF4D-4D8B-B6F0-327F75D6D04B}.Release|Any CPU.Build.0 = Release|Any CPU
		{6F5A5517-F18A-4BBE-9FCE-117B2A20EE43}.Debug|Any CPU.ActiveCfg = Debug|Any CPU
		{6F5A5517-F18A-4BBE-9FCE-117B2A20EE43}.Debug|Any CPU.Build.0 = Debug|Any CPU
		{6F5A5517-F18A-4BBE-9FCE-117B2A20EE43}.Release|Any CPU.ActiveCfg = Release|Any CPU
		{6F5A5517-F18A-4BBE-9FCE-117B2A20EE43}.Release|Any CPU.Build.0 = Release|Any CPU
		{82CCB9F1-20B9-44AF-8A29-F5A600710A6C}.Debug|Any CPU.ActiveCfg = Debug|Any CPU
		{82CCB9F1-20B9-44AF-8A29-F5A600710A6C}.Debug|Any CPU.Build.0 = Debug|Any CPU
		{82CCB9F1-20B9-44AF-8A29-F5A600710A6C}.Release|Any CPU.ActiveCfg = Release|Any CPU
		{82CCB9F1-20B9-44AF-8A29-F5A600710A6C}.Release|Any CPU.Build.0 = Release|Any CPU
		{B481DF0D-81B5-4C72-B757-60CF4A14BE1C}.Debug|Any CPU.ActiveCfg = Debug|Any CPU
		{B481DF0D-81B5-4C72-B757-60CF4A14BE1C}.Debug|Any CPU.Build.0 = Debug|Any CPU
		{B481DF0D-81B5-4C72-B757-60CF4A14BE1C}.Release|Any CPU.ActiveCfg = Release|Any CPU
		{B481DF0D-81B5-4C72-B757-60CF4A14BE1C}.Release|Any CPU.Build.0 = Release|Any CPU
		{3E8A5E12-63B6-4C44-AF9A-33B0730888D3}.Debug|Any CPU.ActiveCfg = Debug|Any CPU
		{3E8A5E12-63B6-4C44-AF9A-33B0730888D3}.Debug|Any CPU.Build.0 = Debug|Any CPU
		{3E8A5E12-63B6-4C44-AF9A-33B0730888D3}.Release|Any CPU.ActiveCfg = Release|Any CPU
		{3E8A5E12-63B6-4C44-AF9A-33B0730888D3}.Release|Any CPU.Build.0 = Release|Any CPU
		{A306980D-7CE5-4992-A2C5-5A388A986BAF}.Debug|Any CPU.ActiveCfg = Debug|Any CPU
		{A306980D-7CE5-4992-A2C5-5A388A986BAF}.Debug|Any CPU.Build.0 = Debug|Any CPU
		{A306980D-7CE5-4992-A2C5-5A388A986BAF}.Release|Any CPU.ActiveCfg = Release|Any CPU
		{A306980D-7CE5-4992-A2C5-5A388A986BAF}.Release|Any CPU.Build.0 = Release|Any CPU
		{DE5F70E5-D97C-4A6C-8A27-01FE9C148348}.Debug|Any CPU.ActiveCfg = Debug|Any CPU
		{DE5F70E5-D97C-4A6C-8A27-01FE9C148348}.Debug|Any CPU.Build.0 = Debug|Any CPU
		{DE5F70E5-D97C-4A6C-8A27-01FE9C148348}.Release|Any CPU.ActiveCfg = Release|Any CPU
		{DE5F70E5-D97C-4A6C-8A27-01FE9C148348}.Release|Any CPU.Build.0 = Release|Any CPU
		{E3956EFA-50BC-4C4E-8161-5978E3025000}.Debug|Any CPU.ActiveCfg = Debug|Any CPU
		{E3956EFA-50BC-4C4E-8161-5978E3025000}.Debug|Any CPU.Build.0 = Debug|Any CPU
		{E3956EFA-50BC-4C4E-8161-5978E3025000}.Release|Any CPU.ActiveCfg = Release|Any CPU
		{E3956EFA-50BC-4C4E-8161-5978E3025000}.Release|Any CPU.Build.0 = Release|Any CPU
		{B1CF5970-34B6-45DA-89FF-45F8FD59058C}.Debug|Any CPU.ActiveCfg = Debug|Any CPU
		{B1CF5970-34B6-45DA-89FF-45F8FD59058C}.Debug|Any CPU.Build.0 = Debug|Any CPU
		{B1CF5970-34B6-45DA-89FF-45F8FD59058C}.Release|Any CPU.ActiveCfg = Release|Any CPU
		{B1CF5970-34B6-45DA-89FF-45F8FD59058C}.Release|Any CPU.Build.0 = Release|Any CPU
		{87B41F0B-CB21-4112-A7F5-97B8D0899CF1}.Debug|Any CPU.ActiveCfg = Debug|Any CPU
		{87B41F0B-CB21-4112-A7F5-97B8D0899CF1}.Debug|Any CPU.Build.0 = Debug|Any CPU
		{87B41F0B-CB21-4112-A7F5-97B8D0899CF1}.Release|Any CPU.ActiveCfg = Release|Any CPU
		{87B41F0B-CB21-4112-A7F5-97B8D0899CF1}.Release|Any CPU.Build.0 = Release|Any CPU
		{FEB9093C-F26E-4D97-9544-B92F70AEF158}.Debug|Any CPU.ActiveCfg = Debug|Any CPU
		{FEB9093C-F26E-4D97-9544-B92F70AEF158}.Debug|Any CPU.Build.0 = Debug|Any CPU
		{FEB9093C-F26E-4D97-9544-B92F70AEF158}.Release|Any CPU.ActiveCfg = Release|Any CPU
		{FEB9093C-F26E-4D97-9544-B92F70AEF158}.Release|Any CPU.Build.0 = Release|Any CPU
		{FC97A6CD-68CC-441F-B0B9-D3C6DFC99D76}.Debug|Any CPU.ActiveCfg = Debug|Any CPU
		{FC97A6CD-68CC-441F-B0B9-D3C6DFC99D76}.Debug|Any CPU.Build.0 = Debug|Any CPU
		{FC97A6CD-68CC-441F-B0B9-D3C6DFC99D76}.Release|Any CPU.ActiveCfg = Release|Any CPU
		{FC97A6CD-68CC-441F-B0B9-D3C6DFC99D76}.Release|Any CPU.Build.0 = Release|Any CPU
		{1FBE8703-5462-4161-BED5-7F4D6AE2D9B6}.Debug|Any CPU.ActiveCfg = Debug|Any CPU
		{1FBE8703-5462-4161-BED5-7F4D6AE2D9B6}.Debug|Any CPU.Build.0 = Debug|Any CPU
		{1FBE8703-5462-4161-BED5-7F4D6AE2D9B6}.Release|Any CPU.ActiveCfg = Release|Any CPU
		{1FBE8703-5462-4161-BED5-7F4D6AE2D9B6}.Release|Any CPU.Build.0 = Release|Any CPU
		{A74334E6-39A7-499C-9021-9E3D7F7ED05F}.Debug|Any CPU.ActiveCfg = Debug|Any CPU
		{A74334E6-39A7-499C-9021-9E3D7F7ED05F}.Debug|Any CPU.Build.0 = Debug|Any CPU
		{A74334E6-39A7-499C-9021-9E3D7F7ED05F}.Release|Any CPU.ActiveCfg = Release|Any CPU
		{A74334E6-39A7-499C-9021-9E3D7F7ED05F}.Release|Any CPU.Build.0 = Release|Any CPU
	EndGlobalSection
EndGlobal
